{
  "name": "codec-tracker-assets",
  "lockfileVersion": 3,
  "requires": true,
  "packages": {
    "": {
      "name": "codec-tracker-assets",
      "dependencies": {
        "lucide": "1.52.0"
      }
    },
    "node_modules/lucide": {
      "version": "1.52.0",
      "resolved": "https://registry.npmjs.org/lucide/-/lucide-1.52.0.tgz",
      "integrity": "sha512-XlP0U+m3seobjTPfT0Ybg9YqJeTwSxx1I6R2Ty7vwpA/4HtibMbV28p9tW7AnIwb77YkTboK9x/OPBEqGAzCFg==",
      "license": "ISC"
    }
  }
}
